// !$*UTF8*$!
{
	archiveVersion = 1;
	classes = {
	};
	objectVersion = 50;
	objects = {

/* Begin PBXBuildFile section */
		D31E4B4524A4AC9D00ABAC1D /* AppDelegate.swift in Sources */ = {isa = PBXBuildFile; fileRef = D31E4B4424A4AC9D00ABAC1D /* AppDelegate.swift */; };
		D31E4B4724A4AC9D00ABAC1D /* SceneDelegate.swift in Sources */ = {isa = PBXBuildFile; fileRef = D31E4B4624A4AC9D00ABAC1D /* SceneDelegate.swift */; };
		D31E4B4924A4AC9D00ABAC1D /* ViewController.swift in Sources */ = {isa = PBXBuildFile; fileRef = D31E4B4824A4AC9D00ABAC1D /* ViewController.swift */; };
		D31E4B4C24A4AC9D00ABAC1D /* Main.storyboard in Resources */ = {isa = PBXBuildFile; fileRef = D31E4B4A24A4AC9D00ABAC1D /* Main.storyboard */; };
		D31E4B4E24A4ACA100ABAC1D /* Assets.xcassets in Resources */ = {isa = PBXBuildFile; fileRef = D31E4B4D24A4ACA100ABAC1D /* Assets.xcassets */; };
		D31E4B5124A4ACA100ABAC1D /* LaunchScreen.storyboard in Resources */ = {isa = PBXBuildFile; fileRef = D31E4B4F24A4ACA100ABAC1D /* LaunchScreen.storyboard */; };
		D31E4B5C24A4ACA200ABAC1D /* kimuraBomTests.swift in Sources */ = {isa = PBXBuildFile; fileRef = D31E4B5B24A4ACA200ABAC1D /* kimuraBomTests.swift */; };
		D31E4B6724A4ACA200ABAC1D /* kimuraBomUITests.swift in Sources */ = {isa = PBXBuildFile; fileRef = D31E4B6624A4ACA200ABAC1D /* kimuraBomUITests.swift */; };
		D31E4B7524AB55AB00ABAC1D /* NSLayoutConstraint+setMultiplier.swift in Sources */ = {isa = PBXBuildFile; fileRef = D31E4B7424AB55AB00ABAC1D /* NSLayoutConstraint+setMultiplier.swift */; };
/* End PBXBuildFile section */

/* Begin PBXContainerItemProxy section */
		D31E4B5824A4ACA200ABAC1D /* PBXContainerItemProxy */ = {
			isa = PBXContainerItemProxy;
			containerPortal = D31E4B3924A4AC9C00ABAC1D /* Project object */;
			proxyType = 1;
			remoteGlobalIDString = D31E4B4024A4AC9D00ABAC1D;
			remoteInfo = kimuraBom;
		};
		D31E4B6324A4ACA200ABAC1D /* PBXContainerItemProxy */ = {
			isa = PBXContainerItemProxy;
			containerPortal = D31E4B3924A4AC9C00ABAC1D /* Project object */;
			proxyType = 1;
			remoteGlobalIDString = D31E4B4024A4AC9D00ABAC1D;
			remoteInfo = kimuraBom;
		};
/* End PBXContainerItemProxy section */

/* Begin PBXFileReference section */
		D31E4B4124A4AC9D00ABAC1D /* kimuraBom.app */ = {isa = PBXFileReference; explicitFileType = wrapper.application; includeInIndex = 0; path = kimuraBom.app; sourceTree = BUILT_PRODUCTS_DIR; };
		D31E4B4424A4AC9D00ABAC1D /* AppDelegate.swift */ = {isa = PBXFileReference; lastKnownFileType = sourcecode.swift; path = AppDelegate.swift; sourceTree = "<group>"; };
		D31E4B4624A4AC9D00ABAC1D /* SceneDelegate.swift */ = {isa = PBXFileReference; lastKnownFileType = sourcecode.swift; path = SceneDelegate.swift; sourceTree = "<group>"; };
		D31E4B4824A4AC9D00ABAC1D /* ViewController.swift */ = {isa = PBXFileReference; lastKnownFileType = sourcecode.swift; path = ViewController.swift; sourceTree = "<group>"; };
		D31E4B4B24A4AC9D00ABAC1D /* Base */ = {isa = PBXFileReference; lastKnownFileType = file.storyboard; name = Base; path = Base.lproj/Main.storyboard; sourceTree = "<group>"; };
		D31E4B4D24A4ACA100ABAC1D /* Assets.xcassets */ = {isa = PBXFileReference; lastKnownFileType = folder.assetcatalog; path = Assets.xcassets; sourceTree = "<group>"; };
		D31E4B5024A4ACA100ABAC1D /* Base */ = {isa = PBXFileReference; lastKnownFileType = file.storyboard; name = Base; path = Base.lproj/LaunchScreen.storyboard; sourceTree = "<group>"; };
		D31E4B5224A4ACA100ABAC1D /* Info.plist */ = {isa = PBXFileReference; lastKnownFileType = text.plist.xml; path = Info.plist; sourceTree = "<group>"; };
		D31E4B5724A4ACA200ABAC1D /* kimuraBomTests.xctest */ = {isa = PBXFileReference; explicitFileType = wrapper.cfbundle; includeInIndex = 0; path = kimuraBomTests.xctest; sourceTree = BUILT_PRODUCTS_DIR; };
		D31E4B5B24A4ACA200ABAC1D /* kimuraBomTests.swift */ = {isa = PBXFileReference; lastKnownFileType = sourcecode.swift; path = kimuraBomTests.swift; sourceTree = "<group>"; };
		D31E4B5D24A4ACA200ABAC1D /* Info.plist */ = {isa = PBXFileReference; lastKnownFileType = text.plist.xml; path = Info.plist; sourceTree = "<group>"; };
		D31E4B6224A4ACA200ABAC1D /* kimuraBomUITests.xctest */ = {isa = PBXFileReference; explicitFileType = wrapper.cfbundle; includeInIndex = 0; path = kimuraBomUITests.xctest; sourceTree = BUILT_PRODUCTS_DIR; };
		D31E4B6624A4ACA200ABAC1D /* kimuraBomUITests.swift */ = {isa = PBXFileReference; lastKnownFileType = sourcecode.swift; path = kimuraBomUITests.swift; sourceTree = "<group>"; };
		D31E4B6824A4ACA200ABAC1D /* Info.plist */ = {isa = PBXFileReference; lastKnownFileType = text.plist.xml; path = Info.plist; sourceTree = "<group>"; };
		D31E4B7424AB55AB00ABAC1D /* NSLayoutConstraint+setMultiplier.swift */ = {isa = PBXFileReference; lastKnownFileType = sourcecode.swift; path = "NSLayoutConstraint+setMultiplier.swift"; sourceTree = "<group>"; };
/* End PBXFileReference section */

/* Begin PBXFrameworksBuildPhase section */
		D31E4B3E24A4AC9D00ABAC1D /* Frameworks */ = {
			isa = PBXFrameworksBuildPhase;
			buildActionMask = 2147483647;
			files = (
			);
			runOnlyForDeploymentPostprocessing = 0;
		};
		D31E4B5424A4ACA200ABAC1D /* Frameworks */ = {
			isa = PBXFrameworksBuildPhase;
			buildActionMask = 2147483647;
			files = (
			);
			runOnlyForDeploymentPostprocessing = 0;
		};
		D31E4B5F24A4ACA200ABAC1D /* Frameworks */ = {
			isa = PBXFrameworksBuildPhase;
			buildActionMask = 2147483647;
			files = (
			);
			runOnlyForDeploymentPostprocessing = 0;
		};
/* End PBXFrameworksBuildPhase section */

/* Begin PBXGroup section */
		D31E4B3824A4AC9C00ABAC1D = {
			isa = PBXGroup;
			children = (
				D31E4B4324A4AC9D00ABAC1D /* kimuraBom */,
				D31E4B5A24A4ACA200ABAC1D /* kimuraBomTests */,
				D31E4B6524A4ACA200ABAC1D /* kimuraBomUITests */,
				D31E4B4224A4AC9D00ABAC1D /* Products */,
			);
			sourceTree = "<group>";
		};
		D31E4B4224A4AC9D00ABAC1D /* Products */ = {
			isa = PBXGroup;
			children = (
				D31E4B4124A4AC9D00ABAC1D /* kimuraBom.app */,
				D31E4B5724A4ACA200ABAC1D /* kimuraBomTests.xctest */,
				D31E4B6224A4ACA200ABAC1D /* kimuraBomUITests.xctest */,
			);
			name = Products;
			sourceTree = "<group>";
		};
		D31E4B4324A4AC9D00ABAC1D /* kimuraBom */ = {
			isa = PBXGroup;
			children = (
				D31E4B4424A4AC9D00ABAC1D /* AppDelegate.swift */,
				D31E4B4624A4AC9D00ABAC1D /* SceneDelegate.swift */,
				D31E4B4824A4AC9D00ABAC1D /* ViewController.swift */,
				D31E4B4A24A4AC9D00ABAC1D /* Main.storyboard */,
				D31E4B4D24A4ACA100ABAC1D /* Assets.xcassets */,
				D31E4B4F24A4ACA100ABAC1D /* LaunchScreen.storyboard */,
				D31E4B5224A4ACA100ABAC1D /* Info.plist */,
				D31E4B7424AB55AB00ABAC1D /* NSLayoutConstraint+setMultiplier.swift */,
			);
			path = kimuraBom;
			sourceTree = "<group>";
		};
		D31E4B5A24A4ACA200ABAC1D /* kimuraBomTests */ = {
			isa = PBXGroup;
			children = (
				D31E4B5B24A4ACA200ABAC1D /* kimuraBomTests.swift */,
				D31E4B5D24A4ACA200ABAC1D /* Info.plist */,
			);
			path = kimuraBomTests;
			sourceTree = "<group>";
		};
		D31E4B6524A4ACA200ABAC1D /* kimuraBomUITests */ = {
			isa = PBXGroup;
			children = (
				D31E4B6624A4ACA200ABAC1D /* kimuraBomUITests.swift */,
				D31E4B6824A4ACA200ABAC1D /* Info.plist */,
			);
			path = kimuraBomUITests;
			sourceTree = "<group>";
		};
/* End PBXGroup section */

/* Begin PBXNativeTarget section */
		D31E4B4024A4AC9D00ABAC1D /* kimuraBom */ = {
			isa = PBXNativeTarget;
			buildConfigurationList = D31E4B6B24A4ACA200ABAC1D /* Build configuration list for PBXNativeTarget "kimuraBom" */;
			buildPhases = (
				D31E4B3D24A4AC9D00ABAC1D /* Sources */,
				D31E4B3E24A4AC9D00ABAC1D /* Frameworks */,
				D31E4B3F24A4AC9D00ABAC1D /* Resources */,
			);
			buildRules = (
			);
			dependencies = (
			);
			name = kimuraBom;
			productName = kimuraBom;
			productReference = D31E4B4124A4AC9D00ABAC1D /* kimuraBom.app */;
			productType = "com.apple.product-type.application";
		};
		D31E4B5624A4ACA200ABAC1D /* kimuraBomTests */ = {
			isa = PBXNativeTarget;
			buildConfigurationList = D31E4B6E24A4ACA200ABAC1D /* Build configuration list for PBXNativeTarget "kimuraBomTests" */;
			buildPhases = (
				D31E4B5324A4ACA200ABAC1D /* Sources */,
				D31E4B5424A4ACA200ABAC1D /* Frameworks */,
				D31E4B5524A4ACA200ABAC1D /* Resources */,
			);
			buildRules = (
			);
			dependencies = (
				D31E4B5924A4ACA200ABAC1D /* PBXTargetDependency */,
			);
			name = kimuraBomTests;
			productName = kimuraBomTests;
			productReference = D31E4B5724A4ACA200ABAC1D /* kimuraBomTests.xctest */;
			productType = "com.apple.product-type.bundle.unit-test";
		};
		D31E4B6124A4ACA200ABAC1D /* kimuraBomUITests */ = {
			isa = PBXNativeTarget;
			buildConfigurationList = D31E4B7124A4ACA200ABAC1D /* Build configuration list for PBXNativeTarget "kimuraBomUITests" */;
			buildPhases = (
				D31E4B5E24A4ACA200ABAC1D /* Sources */,
				D31E4B5F24A4ACA200ABAC1D /* Frameworks */,
				D31E4B6024A4ACA200ABAC1D /* Resources */,
			);
			buildRules = (
			);
			dependencies = (
				D31E4B6424A4ACA200ABAC1D /* PBXTargetDependency */,
			);
			name = kimuraBomUITests;
			productName = kimuraBomUITests;
			productReference = D31E4B6224A4ACA200ABAC1D /* kimuraBomUITests.xctest */;
			productType = "com.apple.product-type.bundle.ui-testing";
		};
/* End PBXNativeTarget section */

/* Begin PBXProject section */
		D31E4B3924A4AC9C00ABAC1D /* Project object */ = {
			isa = PBXProject;
			attributes = {
				LastSwiftUpdateCheck = 1150;
				LastUpgradeCheck = 1150;
				ORGANIZATIONNAME = "Taisei Hikawa";
				TargetAttributes = {
					D31E4B4024A4AC9D00ABAC1D = {
						CreatedOnToolsVersion = 11.5;
					};
					D31E4B5624A4ACA200ABAC1D = {
						CreatedOnToolsVersion = 11.5;
						TestTargetID = D31E4B4024A4AC9D00ABAC1D;
					};
					D31E4B6124A4ACA200ABAC1D = {
						CreatedOnToolsVersion = 11.5;
						TestTargetID = D31E4B4024A4AC9D00ABAC1D;
					};
				};
			};
			buildConfigurationList = D31E4B3C24A4AC9C00ABAC1D /* Build configuration list for PBXProject "kimuraBom" */;
			compatibilityVersion = "Xcode 9.3";
			developmentRegion = en;
			hasScannedForEncodings = 0;
			knownRegions = (
				en,
				Base,
			);
			mainGroup = D31E4B3824A4AC9C00ABAC1D;
			productRefGroup = D31E4B4224A4AC9D00ABAC1D /* Products */;
			projectDirPath = "";
			projectRoot = "";
			targets = (
				D31E4B4024A4AC9D00ABAC1D /* kimuraBom */,
				D31E4B5624A4ACA200ABAC1D /* kimuraBomTests */,
				D31E4B6124A4ACA200ABAC1D /* kimuraBomUITests */,
			);
		};
/* End PBXProject section */

/* Begin PBXResourcesBuildPhase section */
		D31E4B3F24A4AC9D00ABAC1D /* Resources */ = {
			isa = PBXResourcesBuildPhase;
			buildActionMask = 2147483647;
			files = (
				D31E4B5124A4ACA100ABAC1D /* LaunchScreen.storyboard in Resources */,
				D31E4B4E24A4ACA100ABAC1D /* Assets.xcassets in Resources */,
				D31E4B4C24A4AC9D00ABAC1D /* Main.storyboard in Resources */,
			);
			runOnlyForDeploymentPostprocessing = 0;
		};
		D31E4B5524A4ACA200ABAC1D /* Resources */ = {
			isa = PBXResourcesBuildPhase;
			buildActionMask = 2147483647;
			files = (
			);
			runOnlyForDeploymentPostprocessing = 0;
		};
		D31E4B6024A4ACA200ABAC1D /* Resources */ = {
			isa = PBXResourcesBuildPhase;
			buildActionMask = 2147483647;
			files = (
			);
			runOnlyForDeploymentPostprocessing = 0;
		};
/* End PBXResourcesBuildPhase section */

/* Begin PBXSourcesBuildPhase section */
		D31E4B3D24A4AC9D00ABAC1D /* Sources */ = {
			isa = PBXSourcesBuildPhase;
			buildActionMask = 2147483647;
			files = (
				D31E4B4924A4AC9D00ABAC1D /* ViewController.swift in Sources */,
				D31E4B7524AB55AB00ABAC1D /* NSLayoutConstraint+setMultiplier.swift in Sources */,
				D31E4B4524A4AC9D00ABAC1D /* AppDelegate.swift in Sources */,
				D31E4B4724A4AC9D00ABAC1D /* SceneDelegate.swift in Sources */,
			);
			runOnlyForDeploymentPostprocessing = 0;
		};
		D31E4B5324A4ACA200ABAC1D /* Sources */ = {
			isa = PBXSourcesBuildPhase;
			buildActionMask = 2147483647;
			files = (
				D31E4B5C24A4ACA200ABAC1D /* kimuraBomTests.swift in Sources */,
			);
			runOnlyForDeploymentPostprocessing = 0;
		};
		D31E4B5E24A4ACA200ABAC1D /* Sources */ = {
			isa = PBXSourcesBuildPhase;
			buildActionMask = 2147483647;
			files = (
				D31E4B6724A4ACA200ABAC1D /* kimuraBomUITests.swift in Sources */,
			);
			runOnlyForDeploymentPostprocessing = 0;
		};
/* End PBXSourcesBuildPhase section */

/* Begin PBXTargetDependency section */
		D31E4B5924A4ACA200ABAC1D /* PBXTargetDependency */ = {
			isa = PBXTargetDependency;
			target = D31E4B4024A4AC9D00ABAC1D /* kimuraBom */;
			targetProxy = D31E4B5824A4ACA200ABAC1D /* PBXContainerItemProxy */;
		};
		D31E4B6424A4ACA200ABAC1D /* PBXTargetDependency */ = {
			isa = PBXTargetDependency;
			target = D31E4B4024A4AC9D00ABAC1D /* kimuraBom */;
			targetProxy = D31E4B6324A4ACA200ABAC1D /* PBXContainerItemProxy */;
		};
/* End PBXTargetDependency section */

/* Begin PBXVariantGroup section */
		D31E4B4A24A4AC9D00ABAC1D /* Main.storyboard */ = {
			isa = PBXVariantGroup;
			children = (
				D31E4B4B24A4AC9D00ABAC1D /* Base */,
			);
			name = Main.storyboard;
			sourceTree = "<group>";
		};
		D31E4B4F24A4ACA100ABAC1D /* LaunchScreen.storyboard */ = {
			isa = PBXVariantGroup;
			children = (
				D31E4B5024A4ACA100ABAC1D /* Base */,
			);
			name = LaunchScreen.storyboard;
			sourceTree = "<group>";
		};
/* End PBXVariantGroup section */

/* Begin XCBuildConfiguration section */
		D31E4B6924A4ACA200ABAC1D /* Debug */ = {
			isa = XCBuildConfiguration;
			buildSettings = {
				ALWAYS_SEARCH_USER_PATHS = NO;
				CLANG_ANALYZER_NONNULL = YES;
				CLANG_ANALYZER_NUMBER_OBJECT_CONVERSION = YES_AGGRESSIVE;
				CLANG_CXX_LANGUAGE_STANDARD = "gnu++14";
				CLANG_CXX_LIBRARY = "libc++";
				CLANG_ENABLE_MODULES = YES;
				CLANG_ENABLE_OBJC_ARC = YES;
				CLANG_ENABLE_OBJC_WEAK = YES;
				CLANG_WARN_BLOCK_CAPTURE_AUTORELEASING = YES;
				CLANG_WARN_BOOL_CONVERSION = YES;
				CLANG_WARN_COMMA = YES;
				CLANG_WARN_CONSTANT_CONVERSION = YES;
				CLANG_WARN_DEPRECATED_OBJC_IMPLEMENTATIONS = YES;
				CLANG_WARN_DIRECT_OBJC_ISA_USAGE = YES_ERROR;
				CLANG_WARN_DOCUMENTATION_COMMENTS = YES;
				CLANG_WARN_EMPTY_BODY = YES;
				CLANG_WARN_ENUM_CONVERSION = YES;
				CLANG_WARN_INFINITE_RECURSION = YES;
				CLANG_WARN_INT_CONVERSION = YES;
				CLANG_WARN_NON_LITERAL_NULL_CONVERSION = YES;
				CLANG_WARN_OBJC_IMPLICIT_RETAIN_SELF = YES;
				CLANG_WARN_OBJC_LITERAL_CONVERSION = YES;
				CLANG_WARN_OBJC_ROOT_CLASS = YES_ERROR;
				CLANG_WARN_RANGE_LOOP_ANALYSIS = YES;
				CLANG_WARN_STRICT_PROTOTYPES = YES;
				CLANG_WARN_SUSPICIOUS_MOVE = YES;
				CLANG_WARN_UNGUARDED_AVAILABILITY = YES_AGGRESSIVE;
				CLANG_WARN_UNREACHABLE_CODE = YES;
				CLANG_WARN__DUPLICATE_METHOD_MATCH = YES;
				COPY_PHASE_STRIP = NO;
				DEBUG_INFORMATION_FORMAT = dwarf;
				ENABLE_STRICT_OBJC_MSGSEND = YES;
				ENABLE_TESTABILITY = YES;
				GCC_C_LANGUAGE_STANDARD = gnu11;
				GCC_DYNAMIC_NO_PIC = NO;
				GCC_NO_COMMON_BLOCKS = YES;
				GCC_OPTIMIZATION_LEVEL = 0;
				GCC_PREPROCESSOR_DEFINITIONS = (
					"DEBUG=1",
					"$(inherited)",
				);
				GCC_WARN_64_TO_32_BIT_CONVERSION = YES;
				GCC_WARN_ABOUT_RETURN_TYPE = YES_ERROR;
				GCC_WARN_UNDECLARED_SELECTOR = YES;
				GCC_WARN_UNINITIALIZED_AUTOS = YES_AGGRESSIVE;
				GCC_WARN_UNUSED_FUNCTION = YES;
				GCC_WARN_UNUSED_VARIABLE = YES;
				IPHONEOS_DEPLOYMENT_TARGET = 13.5;
				MTL_ENABLE_DEBUG_INFO = INCLUDE_SOURCE;
				MTL_FAST_MATH = YES;
				ONLY_ACTIVE_ARCH = YES;
				SDKROOT = iphoneos;
				SWIFT_ACTIVE_COMPILATION_CONDITIONS = DEBUG;
				SWIFT_OPTIMIZATION_LEVEL = "-Onone";
			};
			name = Debug;
		};
		D31E4B6A24A4ACA200ABAC1D /* Release */ = {
			isa = XCBuildConfiguration;
			buildSettings = {
				ALWAYS_SEARCH_USER_PATHS = NO;
				CLANG_ANALYZER_NONNULL = YES;
				CLANG_ANALYZER_NUMBER_OBJECT_CONVERSION = YES_AGGRESSIVE;
				CLANG_CXX_LANGUAGE_STANDARD = "gnu++14";
				CLANG_CXX_LIBRARY = "libc++";
				CLANG_ENABLE_MODULES = YES;
				CLANG_ENABLE_OBJC_ARC = YES;
				CLANG_ENABLE_OBJC_WEAK = YES;
				CLANG_WARN_BLOCK_CAPTURE_AUTORELEASING = YES;
				CLANG_WARN_BOOL_CONVERSION = YES;
				CLANG_WARN_COMMA = YES;
				CLANG_WARN_CONSTANT_CONVERSION = YES;
				CLANG_WARN_DEPRECATED_OBJC_IMPLEMENTATIONS = YES;
				CLANG_WARN_DIRECT_OBJC_ISA_USAGE = YES_ERROR;
				CLANG_WARN_DOCUMENTATION_COMMENTS = YES;
				CLANG_WARN_EMPTY_BODY = YES;
				CLANG_WARN_ENUM_CONVERSION = YES;
				CLANG_WARN_INFINITE_RECURSION = YES;
				CLANG_WARN_INT_CONVERSION = YES;
				CLANG_WARN_NON_LITERAL_NULL_CONVERSION = YES;
				CLANG_WARN_OBJC_IMPLICIT_RETAIN_SELF = YES;
				CLANG_WARN_OBJC_LITERAL_CONVERSION = YES;
				CLANG_WARN_OBJC_ROOT_CLASS = YES_ERROR;
				CLANG_WARN_RANGE_LOOP_ANALYSIS = YES;
				CLANG_WARN_STRICT_PROTOTYPES = YES;
				CLANG_WARN_SUSPICIOUS_MOVE = YES;
				CLANG_WARN_UNGUARDED_AVAILABILITY = YES_AGGRESSIVE;
				CLANG_WARN_UNREACHABLE_CODE = YES;
				CLANG_WARN__DUPLICATE_METHOD_MATCH = YES;
				COPY_PHASE_STRIP = NO;
				DEBUG_INFORMATION_FORMAT = "dwarf-with-dsym";
				ENABLE_NS_ASSERTIONS = NO;
				ENABLE_STRICT_OBJC_MSGSEND = YES;
				GCC_C_LANGUAGE_STANDARD = gnu11;
				GCC_NO_COMMON_BLOCKS = YES;
				GCC_WARN_64_TO_32_BIT_CONVERSION = YES;
				GCC_WARN_ABOUT_RETURN_TYPE = YES_ERROR;
				GCC_WARN_UNDECLARED_SELECTOR = YES;
				GCC_WARN_UNINITIALIZED_AUTOS = YES_AGGRESSIVE;
				GCC_WARN_UNUSED_FUNCTION = YES;
				GCC_WARN_UNUSED_VARIABLE = YES;
				IPHONEOS_DEPLOYMENT_TARGET = 13.5;
				MTL_ENABLE_DEBUG_INFO = NO;
				MTL_FAST_MATH = YES;
				SDKROOT = iphoneos;
				SWIFT_COMPILATION_MODE = wholemodule;
				SWIFT_OPTIMIZATION_LEVEL = "-O";
				VALIDATE_PRODUCT = YES;
			};
			name = Release;
		};
		D31E4B6C24A4ACA200ABAC1D /* Debug */ = {
			isa = XCBuildConfiguration;
			buildSettings = {
				ASSETCATALOG_COMPILER_APPICON_NAME = AppIcon;
				CODE_SIGN_STYLE = Automatic;
				INFOPLIST_FILE = kimuraBom/Info.plist;
				LD_RUNPATH_SEARCH_PATHS = (
					"$(inherited)",
					"@executable_path/Frameworks",
				);
				PRODUCT_BUNDLE_IDENTIFIER = com.hikawaproj.kimuraBom;
				PRODUCT_NAME = "$(TARGET_NAME)";
				SWIFT_VERSION = 5.0;
				TARGETED_DEVICE_FAMILY = "1,2";
			};
			name = Debug;
		};
		D31E4B6D24A4ACA200ABAC1D /* Release */ = {
			isa = XCBuildConfiguration;
			buildSettings = {
				ASSETCATALOG_COMPILER_APPICON_NAME = AppIcon;
				CODE_SIGN_STYLE = Automatic;
				INFOPLIST_FILE = kimuraBom/Info.plist;
				LD_RUNPATH_SEARCH_PATHS = (
					"$(inherited)",
					"@executable_path/Frameworks",
				);
				PRODUCT_BUNDLE_IDENTIFIER = com.hikawaproj.kimuraBom;
				PRODUCT_NAME = "$(TARGET_NAME)";
				SWIFT_VERSION = 5.0;
				TARGETED_DEVICE_FAMILY = "1,2";
			};
			name = Release;
		};
		D31E4B6F24A4ACA200ABAC1D /* Debug */ = {
			isa = XCBuildConfiguration;
			buildSettings = {
				ALWAYS_EMBED_SWIFT_STANDARD_LIBRARIES = YES;
				BUNDLE_LOADER = "$(TEST_HOST)";
				CODE_SIGN_STYLE = Automatic;
				INFOPLIST_FILE = kimuraBomTests/Info.plist;
				IPHONEOS_DEPLOYMENT_TARGET = 13.5;
				LD_RUNPATH_SEARCH_PATHS = (
					"$(inherited)",
					"@executable_path/Frameworks",
					"@loader_path/Frameworks",
				);
				PRODUCT_BUNDLE_IDENTIFIER = com.hikawaproj.kimuraBomTests;
				PRODUCT_NAME = "$(TARGET_NAME)";
				SWIFT_VERSION = 5.0;
				TARGETED_DEVICE_FAMILY = "1,2";
				TEST_HOST = "$(BUILT_PRODUCTS_DIR)/kimuraBom.app/kimuraBom";
			};
			name = Debug;
		};
		D31E4B7024A4ACA200ABAC1D /* Release */ = {
			isa = XCBuildConfiguration;
			buildSettings = {
				ALWAYS_EMBED_SWIFT_STANDARD_LIBRARIES = YES;
				BUNDLE_LOADER = "$(TEST_HOST)";
				CODE_SIGN_STYLE = Automatic;
				INFOPLIST_FILE = kimuraBomTests/Info.plist;
				IPHONEOS_DEPLOYMENT_TARGET = 13.5;
				LD_RUNPATH_SEARCH_PATHS = (
					"$(inherited)",
					"@executable_path/Frameworks",
					"@loader_path/Frameworks",
				);
				PRODUCT_BUNDLE_IDENTIFIER = com.hikawaproj.kimuraBomTests;
				PRODUCT_NAME = "$(TARGET_NAME)";
				SWIFT_VERSION = 5.0;
				TARGETED_DEVICE_FAMILY = "1,2";
				TEST_HOST = "$(BUILT_PRODUCTS_DIR)/kimuraBom.app/kimuraBom";
			};
			name = Release;
		};
		D31E4B7224A4ACA200ABAC1D /* Debug */ = {
			isa = XCBuildConfiguration;
			buildSettings = {
				ALWAYS_EMBED_SWIFT_STANDARD_LIBRARIES = YES;
				CODE_SIGN_STYLE = Automatic;
				INFOPLIST_FILE = kimuraBomUITests/Info.plist;
				LD_RUNPATH_SEARCH_PATHS = (
					"$(inherited)",
					"@executable_path/Frameworks",
					"@loader_path/Frameworks",
				);
				PRODUCT_BUNDLE_IDENTIFIER = com.hikawaproj.kimuraBomUITests;
				PRODUCT_NAME = "$(TARGET_NAME)";
				SWIFT_VERSION = 5.0;
				TARGETED_DEVICE_FAMILY = "1,2";
				TEST_TARGET_NAME = kimuraBom;
			};
			name = Debug;
		};
		D31E4B7324A4ACA200ABAC1D /* Release */ = {
			isa = XCBuildConfiguration;
			buildSettings = {
				ALWAYS_EMBED_SWIFT_STANDARD_LIBRARIES = YES;
				CODE_SIGN_STYLE = Automatic;
				INFOPLIST_FILE = kimuraBomUITests/Info.plist;
				LD_RUNPATH_SEARCH_PATHS = (
					"$(inherited)",
					"@executable_path/Frameworks",
					"@loader_path/Frameworks",
				);
				PRODUCT_BUNDLE_IDENTIFIER = com.hikawaproj.kimuraBomUITests;
				PRODUCT_NAME = "$(TARGET_NAME)";
				SWIFT_VERSION = 5.0;
				TARGETED_DEVICE_FAMILY = "1,2";
				TEST_TARGET_NAME = kimuraBom;
			};
			name = Release;
		};
/* End XCBuildConfiguration section */

/* Begin XCConfigurationList section */
		D31E4B3C24A4AC9C00ABAC1D /* Build configuration list for PBXProject "kimuraBom" */ = {
			isa = XCConfigurationList;
			buildConfigurations = (
				D31E4B6924A4ACA200ABAC1D /* Debug */,
				D31E4B6A24A4ACA200ABAC1D /* Release */,
			);
			defaultConfigurationIsVisible = 0;
			defaultConfigurationName = Release;
		};
		D31E4B6B24A4ACA200ABAC1D /* Build configuration list for PBXNativeTarget "kimuraBom" */ = {
			isa = XCConfigurationList;
			buildConfigurations = (
				D31E4B6C24A4ACA200ABAC1D /* Debug */,
				D31E4B6D24A4ACA200ABAC1D /* Release */,
			);
			defaultConfigurationIsVisible = 0;
			defaultConfigurationName = Release;
		};
		D31E4B6E24A4ACA200ABAC1D /* Build configuration list for PBXNativeTarget "kimuraBomTests" */ = {
			isa = XCConfigurationList;
			buildConfigurations = (
				D31E4B6F24A4ACA200ABAC1D /* Debug */,
				D31E4B7024A4ACA200ABAC1D /* Release */,
			);
			defaultConfigurationIsVisible = 0;
			defaultConfigurationName = Release;
		};
		D31E4B7124A4ACA200ABAC1D /* Build configuration list for PBXNativeTarget "kimuraBomUITests" */ = {
			isa = XCConfigurationList;
			buildConfigurations = (
				D31E4B7224A4ACA200ABAC1D /* Debug */,
				D31E4B7324A4ACA200ABAC1D /* Release */,
			);
			defaultConfigurationIsVisible = 0;
			defaultConfigurationName = Release;
		};
/* End XCConfigurationList section */
	};
	rootObject = D31E4B3924A4AC9C00ABAC1D /* Project object */;
}
